
Microsoft Visual Studio Solution File, Format Version 12.00
# Visual Studio Version 16
VisualStudioVersion = 16.0.31105.61
MinimumVisualStudioVersion = 10.0.40219.1
Project("{FAE04EC0-301F-11D3-BF4B-00C04F79EFBC}") = "Socialink", "Socialink\Socialink.csproj", "{928C00B7-A656-426C-BE30-9EE5FEF66B0D}"
EndProject
Global
	GlobalSection(SolutionConfigurationPlatforms) = preSolution
		Debug|Any CPU = Debug|Any CPU
		Release|Any CPU = Release|Any CPU
	EndGlobalSection
	GlobalSection(ProjectConfigurationPlatforms) = postSolution
		{928C00B7-A656-426C-BE30-9EE5FEF66B0D}.Debug|Any CPU.ActiveCfg = Release|Any CPU
		{928C00B7-A656-426C-BE30-9EE5FEF66B0D}.Debug|Any CPU.Build.0 = Release|Any CPU
		{928C00B7-A656-426C-BE30-9EE5FEF66B0D}.Release|Any CPU.ActiveCfg = Release|Any CPU
		{928C00B7-A656-426C-BE30-9EE5FEF66B0D}.Release|Any CPU.Build.0 = Release|Any CPU
	EndGlobalSection
	GlobalSection(SolutionProperties) = preSolution
		HideSolutionNode = FALSE
	EndGlobalSection
	GlobalSection(ExtensibilityGlobals) = postSolution
		SolutionGuid = {D8558F6E-C777-4E87-A9E1-0958E3A7F504}
	EndGlobalSection
EndGlobal
